
Microsoft Visual Studio Solution File, Format Version 12.00
# Visual Studio Version 17
VisualStudioVersion = 17.9.34723.18
MinimumVisualStudioVersion = 10.0.40219.1
Project("{9A19103F-16F7-4668-BE54-9A1E7A4F7556}") = "Backend", "Backend\Backend.csproj", "{F5B95AE6-4AA6-492F-AD59-EE7B2F57F43F}"
EndProject
Project("{FAE04EC0-301F-11D3-BF4B-00C04F79EFBC}") = "BackendUnitTests", "BackendUnitTests\BackendUnitTests.csproj", "{0A2C918C-CEED-482F-877B-C5BC3F4F7826}"
EndProject
Global
	GlobalSection(SolutionConfigurationPlatforms) = preSolution
		Debug|Any CPU = Debug|Any CPU
		Release|Any CPU = Release|Any CPU
	EndGlobalSection
	GlobalSection(ProjectConfigurationPlatforms) = postSolution
		{F5B95AE6-4AA6-492F-AD59-EE7B2F57F43F}.Debug|Any CPU.ActiveCfg = Debug|Any CPU
		{F5B95AE6-4AA6-492F-AD59-EE7B2F57F43F}.Debug|Any CPU.Build.0 = Debug|Any CPU
		{F5B95AE6-4AA6-492F-AD59-EE7B2F57F43F}.Release|Any CPU.ActiveCfg = Release|Any CPU
		{F5B95AE6-4AA6-492F-AD59-EE7B2F57F43F}.Release|Any CPU.Build.0 = Release|Any CPU
		{0A2C918C-CEED-482F-877B-C5BC3F4F7826}.Debug|Any CPU.ActiveCfg = Debug|Any CPU
		{0A2C918C-CEED-482F-877B-C5BC3F4F7826}.Debug|Any CPU.Build.0 = Debug|Any CPU
		{0A2C918C-CEED-482F-877B-C5BC3F4F7826}.Release|Any CPU.ActiveCfg = Release|Any CPU
		{0A2C918C-CEED-482F-877B-C5BC3F4F7826}.Release|Any CPU.Build.0 = Release|Any CPU
	EndGlobalSection
	GlobalSection(SolutionProperties) = preSolution
		HideSolutionNode = FALSE
	EndGlobalSection
	GlobalSection(ExtensibilityGlobals) = postSolution
		SolutionGuid = {27EC8949-0F40-40F9-93DC-583FD377F8E3}
	EndGlobalSection
EndGlobal
